
Microsoft Visual Studio Solution File, Format Version 12.00
# Visual Studio 2013
VisualStudioVersion = 12.0.31101.0
MinimumVisualStudioVersion = 10.0.40219.1
Project("{F184B08F-C81C-45F6-A57F-5ABD9991F28F}") = "s3568988-Assignment01-HRRIS", "s3568988-Assignment01-HRRIS\s3568988-Assignment01-HRRIS.vbproj", "{1FF2636B-282A-42A1-AECE-7AB421A9DE5E}"
EndProject
Project("{F184B08F-C81C-45F6-A57F-5ABD9991F28F}") = "UnitTestProject1", "UnitTestProject1\UnitTestProject1.vbproj", "{D6A2173A-D3A6-43B0-86C0-A9798B36D489}"
EndProject
Global
	GlobalSection(SolutionConfigurationPlatforms) = preSolution
		Debug|Any CPU = Debug|Any CPU
		Debug|Mixed Platforms = Debug|Mixed Platforms
		Debug|x86 = Debug|x86
		Release|Any CPU = Release|Any CPU
		Release|Mixed Platforms = Release|Mixed Platforms
		Release|x86 = Release|x86
	EndGlobalSection
	GlobalSection(ProjectConfigurationPlatforms) = postSolution
		{1FF2636B-282A-42A1-AECE-7AB421A9DE5E}.Debug|Any CPU.ActiveCfg = Debug|x86
		{1FF2636B-282A-42A1-AECE-7AB421A9DE5E}.Debug|Mixed Platforms.ActiveCfg = Debug|x86
		{1FF2636B-282A-42A1-AECE-7AB421A9DE5E}.Debug|Mixed Platforms.Build.0 = Debug|x86
		{1FF2636B-282A-42A1-AECE-7AB421A9DE5E}.Debug|x86.ActiveCfg = Debug|x86
		{1FF2636B-282A-42A1-AECE-7AB421A9DE5E}.Debug|x86.Build.0 = Debug|x86
		{1FF2636B-282A-42A1-AECE-7AB421A9DE5E}.Release|Any CPU.ActiveCfg = Release|x86
		{1FF2636B-282A-42A1-AECE-7AB421A9DE5E}.Release|Mixed Platforms.ActiveCfg = Release|x86
		{1FF2636B-282A-42A1-AECE-7AB421A9DE5E}.Release|Mixed Platforms.Build.0 = Release|x86
		{1FF2636B-282A-42A1-AECE-7AB421A9DE5E}.Release|x86.ActiveCfg = Release|x86
		{1FF2636B-282A-42A1-AECE-7AB421A9DE5E}.Release|x86.Build.0 = Release|x86
		{D6A2173A-D3A6-43B0-86C0-A9798B36D489}.Debug|Any CPU.ActiveCfg = Debug|Any CPU
		{D6A2173A-D3A6-43B0-86C0-A9798B36D489}.Debug|Any CPU.Build.0 = Debug|Any CPU
		{D6A2173A-D3A6-43B0-86C0-A9798B36D489}.Debug|Mixed Platforms.ActiveCfg = Debug|Any CPU
		{D6A2173A-D3A6-43B0-86C0-A9798B36D489}.Debug|Mixed Platforms.Build.0 = Debug|Any CPU
		{D6A2173A-D3A6-43B0-86C0-A9798B36D489}.Debug|x86.ActiveCfg = Debug|Any CPU
		{D6A2173A-D3A6-43B0-86C0-A9798B36D489}.Release|Any CPU.ActiveCfg = Release|Any CPU
		{D6A2173A-D3A6-43B0-86C0-A9798B36D489}.Release|Any CPU.Build.0 = Release|Any CPU
		{D6A2173A-D3A6-43B0-86C0-A9798B36D489}.Release|Mixed Platforms.ActiveCfg = Release|Any CPU
		{D6A2173A-D3A6-43B0-86C0-A9798B36D489}.Release|Mixed Platforms.Build.0 = Release|Any CPU
		{D6A2173A-D3A6-43B0-86C0-A9798B36D489}.Release|x86.ActiveCfg = Release|Any CPU
	EndGlobalSection
	GlobalSection(SolutionProperties) = preSolution
		HideSolutionNode = FALSE
	EndGlobalSection
EndGlobal
